dependencies:
- name: n8n
  repository: oci://8gears.container-registry.com/library
  version: 1.0.5
- name: postgresql
  repository: https://charts.bitnami.com/bitnami
  version: 16.5.6
- name: common-helpers
  repository: oci://ghcr.io/webgrip/common-charts
  version: 1.0.13
digest: sha256:a1985376b07aa175972ec225e760de827ff58fe86e2936451350f15ae75696b6
generated: "2025-03-27T16:41:16.852128+01:00"
