dependencies:
- name: n8n
  repository: oci://8gears.container-registry.com/library
  version: 1.0.5
- name: postgresql
  repository: https://charts.bitnami.com/bitnami
  version: 16.5.6
digest: sha256:831789b650045d43e446108c79041098cd95a0b35c8c0b43bc4a7920071f8c5b
generated: "2025-03-27T14:17:09.8435+01:00"
